
Microsoft Visual Studio Solution File, Format Version 12.00
# Visual Studio Version 16
VisualStudioVersion = 16.0.32126.315
MinimumVisualStudioVersion = 10.0.40219.1
Project("{FAE04EC0-301F-11D3-BF4B-00C04F79EFBC}") = "AddressScraper", "AddressScraper.csproj", "{F38EAFC3-A365-49CD-91C1-5BFA3A24C86D}"
EndProject
Global
	GlobalSection(SolutionConfigurationPlatforms) = preSolution
		Debug|Any CPU = Debug|Any CPU
		Release|Any CPU = Release|Any CPU
	EndGlobalSection
	GlobalSection(ProjectConfigurationPlatforms) = postSolution
		{F38EAFC3-A365-49CD-91C1-5BFA3A24C86D}.Debug|Any CPU.ActiveCfg = Debug|Any CPU
		{F38EAFC3-A365-49CD-91C1-5BFA3A24C86D}.Debug|Any CPU.Build.0 = Debug|Any CPU
		{F38EAFC3-A365-49CD-91C1-5BFA3A24C86D}.Release|Any CPU.ActiveCfg = Release|Any CPU
		{F38EAFC3-A365-49CD-91C1-5BFA3A24C86D}.Release|Any CPU.Build.0 = Release|Any CPU
	EndGlobalSection
	GlobalSection(SolutionProperties) = preSolution
		HideSolutionNode = FALSE
	EndGlobalSection
	GlobalSection(ExtensibilityGlobals) = postSolution
		SolutionGuid = {BBE01ACD-2600-4A54-A8C9-DFFE8F084F11}
	EndGlobalSection
EndGlobal
